
Microsoft Visual Studio Solution File, Format Version 12.00
# Visual Studio Version 16
VisualStudioVersion = 16.0.30907.101
MinimumVisualStudioVersion = 10.0.40219.1
Project("{FAE04EC0-301F-11D3-BF4B-00C04F79EFBC}") = "MVCTutorial", "MVCTutorial\MVCTutorial.csproj", "{93EBB836-2DFA-49D4-A637-3120F3967046}"
EndProject
Global
	GlobalSection(SolutionConfigurationPlatforms) = preSolution
		Debug|Any CPU = Debug|Any CPU
		Release|Any CPU = Release|Any CPU
	EndGlobalSection
	GlobalSection(ProjectConfigurationPlatforms) = postSolution
		{93EBB836-2DFA-49D4-A637-3120F3967046}.Debug|Any CPU.ActiveCfg = Debug|Any CPU
		{93EBB836-2DFA-49D4-A637-3120F3967046}.Debug|Any CPU.Build.0 = Debug|Any CPU
		{93EBB836-2DFA-49D4-A637-3120F3967046}.Release|Any CPU.ActiveCfg = Release|Any CPU
		{93EBB836-2DFA-49D4-A637-3120F3967046}.Release|Any CPU.Build.0 = Release|Any CPU
	EndGlobalSection
	GlobalSection(SolutionProperties) = preSolution
		HideSolutionNode = FALSE
	EndGlobalSection
	GlobalSection(ExtensibilityGlobals) = postSolution
		SolutionGuid = {928CCA1F-A52E-4D67-8959-6B4320E3DD33}
	EndGlobalSection
EndGlobal
