
Microsoft Visual Studio Solution File, Format Version 12.00
# Visual Studio Version 16
VisualStudioVersion = 16.0.30907.101
MinimumVisualStudioVersion = 10.0.40219.1
Project("{FAE04EC0-301F-11D3-BF4B-00C04F79EFBC}") = "AzureAppFinal", "AzureAppFinal\AzureAppFinal.csproj", "{29DC5152-9242-409E-A951-51EB1D6E1539}"
EndProject
Global
	GlobalSection(SolutionConfigurationPlatforms) = preSolution
		Debug|Any CPU = Debug|Any CPU
		Release|Any CPU = Release|Any CPU
	EndGlobalSection
	GlobalSection(ProjectConfigurationPlatforms) = postSolution
		{29DC5152-9242-409E-A951-51EB1D6E1539}.Debug|Any CPU.ActiveCfg = Debug|Any CPU
		{29DC5152-9242-409E-A951-51EB1D6E1539}.Debug|Any CPU.Build.0 = Debug|Any CPU
		{29DC5152-9242-409E-A951-51EB1D6E1539}.Release|Any CPU.ActiveCfg = Release|Any CPU
		{29DC5152-9242-409E-A951-51EB1D6E1539}.Release|Any CPU.Build.0 = Release|Any CPU
	EndGlobalSection
	GlobalSection(SolutionProperties) = preSolution
		HideSolutionNode = FALSE
	EndGlobalSection
	GlobalSection(ExtensibilityGlobals) = postSolution
		SolutionGuid = {F4295E57-9F21-40A3-A462-C7B328E0A509}
	EndGlobalSection
EndGlobal
