
Microsoft Visual Studio Solution File, Format Version 12.00
# Visual Studio Version 16
VisualStudioVersion = 16.0.30907.101
MinimumVisualStudioVersion = 10.0.40219.1
Project("{9A19103F-16F7-4668-BE54-9A1E7A4F7556}") = "TwentyOne", "TwentyOne.csproj", "{F73D02E5-423E-4174-9C70-AD17889ED695}"
EndProject
Project("{FAE04EC0-301F-11D3-BF4B-00C04F79EFBC}") = "Casino", "..\Casino\Casino.csproj", "{21D17604-4B97-4961-B481-0B82979F03DC}"
EndProject
Global
	GlobalSection(SolutionConfigurationPlatforms) = preSolution
		Debug|Any CPU = Debug|Any CPU
		Release|Any CPU = Release|Any CPU
	EndGlobalSection
	GlobalSection(ProjectConfigurationPlatforms) = postSolution
		{F73D02E5-423E-4174-9C70-AD17889ED695}.Debug|Any CPU.ActiveCfg = Debug|Any CPU
		{F73D02E5-423E-4174-9C70-AD17889ED695}.Debug|Any CPU.Build.0 = Debug|Any CPU
		{F73D02E5-423E-4174-9C70-AD17889ED695}.Release|Any CPU.ActiveCfg = Release|Any CPU
		{F73D02E5-423E-4174-9C70-AD17889ED695}.Release|Any CPU.Build.0 = Release|Any CPU
		{21D17604-4B97-4961-B481-0B82979F03DC}.Debug|Any CPU.ActiveCfg = Debug|Any CPU
		{21D17604-4B97-4961-B481-0B82979F03DC}.Debug|Any CPU.Build.0 = Debug|Any CPU
		{21D17604-4B97-4961-B481-0B82979F03DC}.Release|Any CPU.ActiveCfg = Release|Any CPU
		{21D17604-4B97-4961-B481-0B82979F03DC}.Release|Any CPU.Build.0 = Release|Any CPU
	EndGlobalSection
	GlobalSection(SolutionProperties) = preSolution
		HideSolutionNode = FALSE
	EndGlobalSection
	GlobalSection(ExtensibilityGlobals) = postSolution
		SolutionGuid = {E0C70971-B8FA-4A03-8941-FC95D0269D61}
	EndGlobalSection
EndGlobal
