
Microsoft Visual Studio Solution File, Format Version 12.00
# Visual Studio Version 16
VisualStudioVersion = 16.0.30907.101
MinimumVisualStudioVersion = 10.0.40219.1
Project("{FAE04EC0-301F-11D3-BF4B-00C04F79EFBC}") = "NewsletterAppMvc", "NewsletterAppMvc\NewsletterAppMvc.csproj", "{6276B531-60E0-4084-B6A5-296C302DF700}"
EndProject
Global
	GlobalSection(SolutionConfigurationPlatforms) = preSolution
		Debug|Any CPU = Debug|Any CPU
		Release|Any CPU = Release|Any CPU
	EndGlobalSection
	GlobalSection(ProjectConfigurationPlatforms) = postSolution
		{6276B531-60E0-4084-B6A5-296C302DF700}.Debug|Any CPU.ActiveCfg = Debug|Any CPU
		{6276B531-60E0-4084-B6A5-296C302DF700}.Debug|Any CPU.Build.0 = Debug|Any CPU
		{6276B531-60E0-4084-B6A5-296C302DF700}.Release|Any CPU.ActiveCfg = Release|Any CPU
		{6276B531-60E0-4084-B6A5-296C302DF700}.Release|Any CPU.Build.0 = Release|Any CPU
	EndGlobalSection
	GlobalSection(SolutionProperties) = preSolution
		HideSolutionNode = FALSE
	EndGlobalSection
	GlobalSection(ExtensibilityGlobals) = postSolution
		SolutionGuid = {0077651D-E176-4233-8A59-F35B6C95DC78}
	EndGlobalSection
EndGlobal
