
Microsoft Visual Studio Solution File, Format Version 12.00
# Visual Studio Version 16
VisualStudioVersion = 16.0.30907.101
MinimumVisualStudioVersion = 10.0.40219.1
Project("{FAE04EC0-301F-11D3-BF4B-00C04F79EFBC}") = "AssignmentPage231", "AssignmentPage231.csproj", "{CCC01954-0CFC-4C2F-AB34-F22866607544}"
EndProject
Global
	GlobalSection(SolutionConfigurationPlatforms) = preSolution
		Debug|Any CPU = Debug|Any CPU
		Release|Any CPU = Release|Any CPU
	EndGlobalSection
	GlobalSection(ProjectConfigurationPlatforms) = postSolution
		{CCC01954-0CFC-4C2F-AB34-F22866607544}.Debug|Any CPU.ActiveCfg = Debug|Any CPU
		{CCC01954-0CFC-4C2F-AB34-F22866607544}.Debug|Any CPU.Build.0 = Debug|Any CPU
		{CCC01954-0CFC-4C2F-AB34-F22866607544}.Release|Any CPU.ActiveCfg = Release|Any CPU
		{CCC01954-0CFC-4C2F-AB34-F22866607544}.Release|Any CPU.Build.0 = Release|Any CPU
	EndGlobalSection
	GlobalSection(SolutionProperties) = preSolution
		HideSolutionNode = FALSE
	EndGlobalSection
	GlobalSection(ExtensibilityGlobals) = postSolution
		SolutionGuid = {B7B3E053-930D-4126-9F32-A36A707FDFC0}
	EndGlobalSection
EndGlobal
