
Microsoft Visual Studio Solution File, Format Version 12.00
# Visual Studio Version 16
VisualStudioVersion = 16.0.30114.105
MinimumVisualStudioVersion = 10.0.40219.1
Project("{FAE04EC0-301F-11D3-BF4B-00C04F79EFBC}") = "ShippingPackageApplicationProgram", "ShippingPackageApplicationProgram\ShippingPackageApplicationProgram.csproj", "{9726E5D5-463E-44DB-819C-1E3CB409AE34}"
EndProject
Global
	GlobalSection(SolutionConfigurationPlatforms) = preSolution
		Debug|Any CPU = Debug|Any CPU
		Release|Any CPU = Release|Any CPU
	EndGlobalSection
	GlobalSection(ProjectConfigurationPlatforms) = postSolution
		{9726E5D5-463E-44DB-819C-1E3CB409AE34}.Debug|Any CPU.ActiveCfg = Debug|Any CPU
		{9726E5D5-463E-44DB-819C-1E3CB409AE34}.Debug|Any CPU.Build.0 = Debug|Any CPU
		{9726E5D5-463E-44DB-819C-1E3CB409AE34}.Release|Any CPU.ActiveCfg = Release|Any CPU
		{9726E5D5-463E-44DB-819C-1E3CB409AE34}.Release|Any CPU.Build.0 = Release|Any CPU
	EndGlobalSection
	GlobalSection(SolutionProperties) = preSolution
		HideSolutionNode = FALSE
	EndGlobalSection
	GlobalSection(ExtensibilityGlobals) = postSolution
		SolutionGuid = {61F6A2DC-CF7E-403E-BFCA-115727C4C958}
	EndGlobalSection
EndGlobal
