
Microsoft Visual Studio Solution File, Format Version 12.00
# Visual Studio Version 16
VisualStudioVersion = 16.0.30907.101
MinimumVisualStudioVersion = 10.0.40219.1
Project("{FAE04EC0-301F-11D3-BF4B-00C04F79EFBC}") = "AssignmentPage247", "AssignmentPage247.csproj", "{72C609FE-11B9-4342-B5B7-8432930B1555}"
EndProject
Global
	GlobalSection(SolutionConfigurationPlatforms) = preSolution
		Debug|Any CPU = Debug|Any CPU
		Release|Any CPU = Release|Any CPU
	EndGlobalSection
	GlobalSection(ProjectConfigurationPlatforms) = postSolution
		{72C609FE-11B9-4342-B5B7-8432930B1555}.Debug|Any CPU.ActiveCfg = Debug|Any CPU
		{72C609FE-11B9-4342-B5B7-8432930B1555}.Debug|Any CPU.Build.0 = Debug|Any CPU
		{72C609FE-11B9-4342-B5B7-8432930B1555}.Release|Any CPU.ActiveCfg = Release|Any CPU
		{72C609FE-11B9-4342-B5B7-8432930B1555}.Release|Any CPU.Build.0 = Release|Any CPU
	EndGlobalSection
	GlobalSection(SolutionProperties) = preSolution
		HideSolutionNode = FALSE
	EndGlobalSection
	GlobalSection(ExtensibilityGlobals) = postSolution
		SolutionGuid = {5F395AA8-3198-43D4-8B16-45AC3A5F50A7}
	EndGlobalSection
EndGlobal
