
Microsoft Visual Studio Solution File, Format Version 12.00
# Visual Studio Version 16
VisualStudioVersion = 16.0.30114.105
MinimumVisualStudioVersion = 10.0.40219.1
Project("{FAE04EC0-301F-11D3-BF4B-00C04F79EFBC}") = "BooleanLogic", "BooleanLogic\BooleanLogic.csproj", "{7D33E3DF-BDFC-4E29-8C1B-666563EA34D6}"
EndProject
Global
	GlobalSection(SolutionConfigurationPlatforms) = preSolution
		Debug|Any CPU = Debug|Any CPU
		Release|Any CPU = Release|Any CPU
	EndGlobalSection
	GlobalSection(ProjectConfigurationPlatforms) = postSolution
		{7D33E3DF-BDFC-4E29-8C1B-666563EA34D6}.Debug|Any CPU.ActiveCfg = Debug|Any CPU
		{7D33E3DF-BDFC-4E29-8C1B-666563EA34D6}.Debug|Any CPU.Build.0 = Debug|Any CPU
		{7D33E3DF-BDFC-4E29-8C1B-666563EA34D6}.Release|Any CPU.ActiveCfg = Release|Any CPU
		{7D33E3DF-BDFC-4E29-8C1B-666563EA34D6}.Release|Any CPU.Build.0 = Release|Any CPU
	EndGlobalSection
	GlobalSection(SolutionProperties) = preSolution
		HideSolutionNode = FALSE
	EndGlobalSection
	GlobalSection(ExtensibilityGlobals) = postSolution
		SolutionGuid = {EF855F54-3BCB-4A57-981D-E66D91E1BA55}
	EndGlobalSection
EndGlobal
