
Microsoft Visual Studio Solution File, Format Version 12.00
# Visual Studio Version 16
VisualStudioVersion = 16.0.30907.101
MinimumVisualStudioVersion = 10.0.40219.1
Project("{FAE04EC0-301F-11D3-BF4B-00C04F79EFBC}") = "AssingmentPage228", "AssingmentPage228.csproj", "{ED1D2676-FEB8-4889-8623-48ED932F391C}"
EndProject
Global
	GlobalSection(SolutionConfigurationPlatforms) = preSolution
		Debug|Any CPU = Debug|Any CPU
		Release|Any CPU = Release|Any CPU
	EndGlobalSection
	GlobalSection(ProjectConfigurationPlatforms) = postSolution
		{ED1D2676-FEB8-4889-8623-48ED932F391C}.Debug|Any CPU.ActiveCfg = Debug|Any CPU
		{ED1D2676-FEB8-4889-8623-48ED932F391C}.Debug|Any CPU.Build.0 = Debug|Any CPU
		{ED1D2676-FEB8-4889-8623-48ED932F391C}.Release|Any CPU.ActiveCfg = Release|Any CPU
		{ED1D2676-FEB8-4889-8623-48ED932F391C}.Release|Any CPU.Build.0 = Release|Any CPU
	EndGlobalSection
	GlobalSection(SolutionProperties) = preSolution
		HideSolutionNode = FALSE
	EndGlobalSection
	GlobalSection(ExtensibilityGlobals) = postSolution
		SolutionGuid = {7F952967-5890-406E-99C3-8FF345144B96}
	EndGlobalSection
EndGlobal
