
Microsoft Visual Studio Solution File, Format Version 12.00
# Visual Studio Version 16
VisualStudioVersion = 16.0.30114.105
MinimumVisualStudioVersion = 10.0.40219.1
Project("{FAE04EC0-301F-11D3-BF4B-00C04F79EFBC}") = "TheTechAcademyDailyReport", "TheTechAcademyDailyReport\TheTechAcademyDailyReport.csproj", "{90DDAFA1-DE2E-4817-B153-4B29CDFD70DC}"
EndProject
Global
	GlobalSection(SolutionConfigurationPlatforms) = preSolution
		Debug|Any CPU = Debug|Any CPU
		Release|Any CPU = Release|Any CPU
	EndGlobalSection
	GlobalSection(ProjectConfigurationPlatforms) = postSolution
		{90DDAFA1-DE2E-4817-B153-4B29CDFD70DC}.Debug|Any CPU.ActiveCfg = Debug|Any CPU
		{90DDAFA1-DE2E-4817-B153-4B29CDFD70DC}.Debug|Any CPU.Build.0 = Debug|Any CPU
		{90DDAFA1-DE2E-4817-B153-4B29CDFD70DC}.Release|Any CPU.ActiveCfg = Release|Any CPU
		{90DDAFA1-DE2E-4817-B153-4B29CDFD70DC}.Release|Any CPU.Build.0 = Release|Any CPU
	EndGlobalSection
	GlobalSection(SolutionProperties) = preSolution
		HideSolutionNode = FALSE
	EndGlobalSection
	GlobalSection(ExtensibilityGlobals) = postSolution
		SolutionGuid = {CF1362EE-DFFF-4CDF-B38F-A65297CC6233}
	EndGlobalSection
EndGlobal
