
Microsoft Visual Studio Solution File, Format Version 12.00
# Visual Studio Version 16
VisualStudioVersion = 16.0.30907.101
MinimumVisualStudioVersion = 10.0.40219.1
Project("{FAE04EC0-301F-11D3-BF4B-00C04F79EFBC}") = "AssognmentPage226", "AssognmentPage226.csproj", "{E1384A37-632A-49EA-BB69-A957ACA1FFC1}"
EndProject
Global
	GlobalSection(SolutionConfigurationPlatforms) = preSolution
		Debug|Any CPU = Debug|Any CPU
		Release|Any CPU = Release|Any CPU
	EndGlobalSection
	GlobalSection(ProjectConfigurationPlatforms) = postSolution
		{E1384A37-632A-49EA-BB69-A957ACA1FFC1}.Debug|Any CPU.ActiveCfg = Debug|Any CPU
		{E1384A37-632A-49EA-BB69-A957ACA1FFC1}.Debug|Any CPU.Build.0 = Debug|Any CPU
		{E1384A37-632A-49EA-BB69-A957ACA1FFC1}.Release|Any CPU.ActiveCfg = Release|Any CPU
		{E1384A37-632A-49EA-BB69-A957ACA1FFC1}.Release|Any CPU.Build.0 = Release|Any CPU
	EndGlobalSection
	GlobalSection(SolutionProperties) = preSolution
		HideSolutionNode = FALSE
	EndGlobalSection
	GlobalSection(ExtensibilityGlobals) = postSolution
		SolutionGuid = {EEA2D452-4321-44D8-BB36-DF9808FC6BA9}
	EndGlobalSection
EndGlobal
